
Microsoft Visual Studio Solution File, Format Version 12.00
# Visual Studio Version 17
VisualStudioVersion = 17.6.33723.286
MinimumVisualStudioVersion = 10.0.40219.1
Project("{FAE04EC0-301F-11D3-BF4B-00C04F79EFBC}") = "Charging app", "Charging app.csproj", "{4ACCACB6-A449-4324-82C8-81C353CDB426}"
EndProject
Global
	GlobalSection(SolutionConfigurationPlatforms) = preSolution
		Debug|Any CPU = Debug|Any CPU
		Release|Any CPU = Release|Any CPU
	EndGlobalSection
	GlobalSection(ProjectConfigurationPlatforms) = postSolution
		{4ACCACB6-A449-4324-82C8-81C353CDB426}.Debug|Any CPU.ActiveCfg = Debug|Any CPU
		{4ACCACB6-A449-4324-82C8-81C353CDB426}.Debug|Any CPU.Build.0 = Debug|Any CPU
		{4ACCACB6-A449-4324-82C8-81C353CDB426}.Release|Any CPU.ActiveCfg = Release|Any CPU
		{4ACCACB6-A449-4324-82C8-81C353CDB426}.Release|Any CPU.Build.0 = Release|Any CPU
	EndGlobalSection
	GlobalSection(SolutionProperties) = preSolution
		HideSolutionNode = FALSE
	EndGlobalSection
	GlobalSection(ExtensibilityGlobals) = postSolution
		SolutionGuid = {14F9F518-76F9-4EA0-A164-7F57B4F4AD3D}
	EndGlobalSection
EndGlobal
